<?xml version="1.0" encoding="utf-8"?>
<Project ToolsVersion="4.0" xmlns="http://schemas.microsoft.com/developer/msbuild/2003">
  <ItemGroup>
    <Filter Include="gl3w">
      <UniqueIdentifier>{8076d63e-85da-4514-8c57-5b4156e2ba0e}</UniqueIdentifier>
    </Filter>
    <Filter Include="glad">
      <UniqueIdentifier>{15cfe255-98e6-4650-a111-88a2018f8d46}</UniqueIdentifier>
    </Filter>
    <Filter Include="imgui">
      <UniqueIdentifier>{d60b0163-4f92-4442-83cf-40957b85cdf5}</UniqueIdentifier>
    </Filter>
    <Filter Include="sources">
      <UniqueIdentifier>{ea9086a7-283a-4daa-b005-8b6731f1c099}</UniqueIdentifier>
    </Filter>
  </ItemGroup>
  <ItemGroup>
    <ClCompile Include="..\OpenGLStuff\include\imgui\examples\libs\gl3w\GL\gl3w.c">
      <Filter>gl3w</Filter>
    </ClCompile>
    <ClCompile Include="..\OpenGLStuff\include\glad\glad.c">
      <Filter>glad</Filter>
    </ClCompile>
    <ClCompile Include="..\OpenGLStuff\include\imgui\examples\imgui_impl_glfw.cpp">
      <Filter>imgui</Filter>
    </ClCompile>
    <ClCompile Include="..\OpenGLStuff\include\imgui\examples\imgui_impl_opengl3.cpp">
      <Filter>imgui</Filter>
    </ClCompile>
    <ClCompile Include="..\OpenGLStuff\include\imgui\imgui.cpp">
      <Filter>imgui</Filter>
    </ClCompile>
    <ClCompile Include="..\OpenGLStuff\include\imgui\imgui_demo.cpp">
      <Filter>imgui</Filter>
    </ClCompile>
    <ClCompile Include="..\OpenGLStuff\include\imgui\imgui_draw.cpp">
      <Filter>imgui</Filter>
    </ClCompile>
    <ClCompile Include="..\OpenGLStuff\include\imgui\imgui_widgets.cpp">
      <Filter>imgui</Filter>
    </ClCompile>
    <ClCompile Include="HW6.cpp">
      <Filter>sources</Filter>
    </ClCompile>
  </ItemGroup>
  <ItemGroup>
    <ClInclude Include="..\OpenGLStuff\include\imgui\examples\libs\gl3w\GL\gl3w.h">
      <Filter>gl3w</Filter>
    </ClInclude>
    <ClInclude Include="..\OpenGLStuff\include\imgui\examples\libs\gl3w\GL\glcorearb.h">
      <Filter>gl3w</Filter>
    </ClInclude>
    <ClInclude Include="..\OpenGLStuff\include\imgui\imconfig.h">
      <Filter>imgui</Filter>
    </ClInclude>
    <ClInclude Include="..\OpenGLStuff\include\imgui\imgui.h">
      <Filter>imgui</Filter>
    </ClInclude>
    <ClInclude Include="..\OpenGLStuff\include\imgui\imgui_internal.h">
      <Filter>imgui</Filter>
    </ClInclude>
    <ClInclude Include="..\OpenGLStuff\include\imgui\examples\imgui_impl_glfw.h">
      <Filter>imgui</Filter>
    </ClInclude>
    <ClInclude Include="..\OpenGLStuff\include\imgui\examples\imgui_impl_opengl3.h">
      <Filter>imgui</Filter>
    </ClInclude>
  </ItemGroup>
  <ItemGroup>
    <None Include="HW6_Phong.vs">
      <Filter>sources</Filter>
    </None>
    <None Include="HW6_Phong.fs">
      <Filter>sources</Filter>
    </None>
    <None Include="HW6_Gouraud.vs">
      <Filter>sources</Filter>
    </None>
    <None Include="HW6_Gouraud.fs">
      <Filter>sources</Filter>
    </None>
    <None Include="HW6_light.fs">
      <Filter>sources</Filter>
    </None>
    <None Include="HW6_light.vs">
      <Filter>sources</Filter>
    </None>
  </ItemGroup>
</Project>