
Microsoft Visual Studio Solution File, Format Version 12.00
# Visual Studio 15
VisualStudioVersion = 15.0.28307.438
MinimumVisualStudioVersion = 10.0.40219.1
Project("{8BC9CEB8-8B4A-11D0-8D11-00A0C91BC942}") = "ComputerGraphicsHW", "ComputerGraphicsHW\ComputerGraphicsHW.vcxproj", "{7B85BF97-BDC6-439A-956A-8903FF83F26C}"
EndProject
Project("{8BC9CEB8-8B4A-11D0-8D11-00A0C91BC942}") = "HW1", "HW1\HW1.vcxproj", "{DD1FBB8B-A666-43DE-AB26-0900BEA712AC}"
EndProject
Project("{8BC9CEB8-8B4A-11D0-8D11-00A0C91BC942}") = "HW2", "HW2\HW2.vcxproj", "{21FE8618-2449-462E-8B59-96A44EF44448}"
EndProject
Project("{8BC9CEB8-8B4A-11D0-8D11-00A0C91BC942}") = "HW3", "HW3\HW3.vcxproj", "{2C829C4F-A0B0-494E-B548-077E2C24867B}"
EndProject
Project("{8BC9CEB8-8B4A-11D0-8D11-00A0C91BC942}") = "HW4", "HW4\HW4.vcxproj", "{9E90B880-51C4-43EB-8A1C-D0F8A904CC3A}"
EndProject
Project("{8BC9CEB8-8B4A-11D0-8D11-00A0C91BC942}") = "HW5", "HW5\HW5.vcxproj", "{8B6F1E81-9C6C-4034-9C82-D9555713BFEF}"
EndProject
Project("{8BC9CEB8-8B4A-11D0-8D11-00A0C91BC942}") = "HW6", "HW6\HW6.vcxproj", "{A98BB92A-E1F7-4EC6-BA69-E84A8AA10DAC}"
EndProject
Project("{8BC9CEB8-8B4A-11D0-8D11-00A0C91BC942}") = "HW7", "HW7\HW7.vcxproj", "{55B6FAFD-FCC4-4ABB-8689-79573197771B}"
EndProject
Project("{8BC9CEB8-8B4A-11D0-8D11-00A0C91BC942}") = "HW8", "HW8\HW8.vcxproj", "{A336F5B2-F526-4BF2-BB5B-AD45BDAEEEAF}"
EndProject
Global
	GlobalSection(SolutionConfigurationPlatforms) = preSolution
		Debug|x64 = Debug|x64
		Debug|x86 = Debug|x86
		Release|x64 = Release|x64
		Release|x86 = Release|x86
	EndGlobalSection
	GlobalSection(ProjectConfigurationPlatforms) = postSolution
		{7B85BF97-BDC6-439A-956A-8903FF83F26C}.Debug|x64.ActiveCfg = Debug|x64
		{7B85BF97-BDC6-439A-956A-8903FF83F26C}.Debug|x64.Build.0 = Debug|x64
		{7B85BF97-BDC6-439A-956A-8903FF83F26C}.Debug|x86.ActiveCfg = Debug|Win32
		{7B85BF97-BDC6-439A-956A-8903FF83F26C}.Debug|x86.Build.0 = Debug|Win32
		{7B85BF97-BDC6-439A-956A-8903FF83F26C}.Release|x64.ActiveCfg = Release|x64
		{7B85BF97-BDC6-439A-956A-8903FF83F26C}.Release|x64.Build.0 = Release|x64
		{7B85BF97-BDC6-439A-956A-8903FF83F26C}.Release|x86.ActiveCfg = Release|Win32
		{7B85BF97-BDC6-439A-956A-8903FF83F26C}.Release|x86.Build.0 = Release|Win32
		{DD1FBB8B-A666-43DE-AB26-0900BEA712AC}.Debug|x64.ActiveCfg = Debug|x64
		{DD1FBB8B-A666-43DE-AB26-0900BEA712AC}.Debug|x64.Build.0 = Debug|x64
		{DD1FBB8B-A666-43DE-AB26-0900BEA712AC}.Debug|x86.ActiveCfg = Debug|Win32
		{DD1FBB8B-A666-43DE-AB26-0900BEA712AC}.Debug|x86.Build.0 = Debug|Win32
		{DD1FBB8B-A666-43DE-AB26-0900BEA712AC}.Release|x64.ActiveCfg = Release|x64
		{DD1FBB8B-A666-43DE-AB26-0900BEA712AC}.Release|x64.Build.0 = Release|x64
		{DD1FBB8B-A666-43DE-AB26-0900BEA712AC}.Release|x86.ActiveCfg = Release|Win32
		{DD1FBB8B-A666-43DE-AB26-0900BEA712AC}.Release|x86.Build.0 = Release|Win32
		{21FE8618-2449-462E-8B59-96A44EF44448}.Debug|x64.ActiveCfg = Debug|x64
		{21FE8618-2449-462E-8B59-96A44EF44448}.Debug|x64.Build.0 = Debug|x64
		{21FE8618-2449-462E-8B59-96A44EF44448}.Debug|x86.ActiveCfg = Debug|Win32
		{21FE8618-2449-462E-8B59-96A44EF44448}.Debug|x86.Build.0 = Debug|Win32
		{21FE8618-2449-462E-8B59-96A44EF44448}.Release|x64.ActiveCfg = Release|x64
		{21FE8618-2449-462E-8B59-96A44EF44448}.Release|x64.Build.0 = Release|x64
		{21FE8618-2449-462E-8B59-96A44EF44448}.Release|x86.ActiveCfg = Release|Win32
		{21FE8618-2449-462E-8B59-96A44EF44448}.Release|x86.Build.0 = Release|Win32
		{2C829C4F-A0B0-494E-B548-077E2C24867B}.Debug|x64.ActiveCfg = Debug|x64
		{2C829C4F-A0B0-494E-B548-077E2C24867B}.Debug|x64.Build.0 = Debug|x64
		{2C829C4F-A0B0-494E-B548-077E2C24867B}.Debug|x86.ActiveCfg = Debug|Win32
		{2C829C4F-A0B0-494E-B548-077E2C24867B}.Debug|x86.Build.0 = Debug|Win32
		{2C829C4F-A0B0-494E-B548-077E2C24867B}.Release|x64.ActiveCfg = Release|x64
		{2C829C4F-A0B0-494E-B548-077E2C24867B}.Release|x64.Build.0 = Release|x64
		{2C829C4F-A0B0-494E-B548-077E2C24867B}.Release|x86.ActiveCfg = Release|Win32
		{2C829C4F-A0B0-494E-B548-077E2C24867B}.Release|x86.Build.0 = Release|Win32
		{9E90B880-51C4-43EB-8A1C-D0F8A904CC3A}.Debug|x64.ActiveCfg = Debug|x64
		{9E90B880-51C4-43EB-8A1C-D0F8A904CC3A}.Debug|x64.Build.0 = Debug|x64
		{9E90B880-51C4-43EB-8A1C-D0F8A904CC3A}.Debug|x86.ActiveCfg = Debug|Win32
		{9E90B880-51C4-43EB-8A1C-D0F8A904CC3A}.Debug|x86.Build.0 = Debug|Win32
		{9E90B880-51C4-43EB-8A1C-D0F8A904CC3A}.Release|x64.ActiveCfg = Release|x64
		{9E90B880-51C4-43EB-8A1C-D0F8A904CC3A}.Release|x64.Build.0 = Release|x64
		{9E90B880-51C4-43EB-8A1C-D0F8A904CC3A}.Release|x86.ActiveCfg = Release|Win32
		{9E90B880-51C4-43EB-8A1C-D0F8A904CC3A}.Release|x86.Build.0 = Release|Win32
		{8B6F1E81-9C6C-4034-9C82-D9555713BFEF}.Debug|x64.ActiveCfg = Debug|x64
		{8B6F1E81-9C6C-4034-9C82-D9555713BFEF}.Debug|x64.Build.0 = Debug|x64
		{8B6F1E81-9C6C-4034-9C82-D9555713BFEF}.Debug|x86.ActiveCfg = Debug|Win32
		{8B6F1E81-9C6C-4034-9C82-D9555713BFEF}.Debug|x86.Build.0 = Debug|Win32
		{8B6F1E81-9C6C-4034-9C82-D9555713BFEF}.Release|x64.ActiveCfg = Release|x64
		{8B6F1E81-9C6C-4034-9C82-D9555713BFEF}.Release|x64.Build.0 = Release|x64
		{8B6F1E81-9C6C-4034-9C82-D9555713BFEF}.Release|x86.ActiveCfg = Release|Win32
		{8B6F1E81-9C6C-4034-9C82-D9555713BFEF}.Release|x86.Build.0 = Release|Win32
		{A98BB92A-E1F7-4EC6-BA69-E84A8AA10DAC}.Debug|x64.ActiveCfg = Debug|x64
		{A98BB92A-E1F7-4EC6-BA69-E84A8AA10DAC}.Debug|x64.Build.0 = Debug|x64
		{A98BB92A-E1F7-4EC6-BA69-E84A8AA10DAC}.Debug|x86.ActiveCfg = Debug|Win32
		{A98BB92A-E1F7-4EC6-BA69-E84A8AA10DAC}.Debug|x86.Build.0 = Debug|Win32
		{A98BB92A-E1F7-4EC6-BA69-E84A8AA10DAC}.Release|x64.ActiveCfg = Release|x64
		{A98BB92A-E1F7-4EC6-BA69-E84A8AA10DAC}.Release|x64.Build.0 = Release|x64
		{A98BB92A-E1F7-4EC6-BA69-E84A8AA10DAC}.Release|x86.ActiveCfg = Release|Win32
		{A98BB92A-E1F7-4EC6-BA69-E84A8AA10DAC}.Release|x86.Build.0 = Release|Win32
		{55B6FAFD-FCC4-4ABB-8689-79573197771B}.Debug|x64.ActiveCfg = Debug|x64
		{55B6FAFD-FCC4-4ABB-8689-79573197771B}.Debug|x64.Build.0 = Debug|x64
		{55B6FAFD-FCC4-4ABB-8689-79573197771B}.Debug|x86.ActiveCfg = Debug|Win32
		{55B6FAFD-FCC4-4ABB-8689-79573197771B}.Debug|x86.Build.0 = Debug|Win32
		{55B6FAFD-FCC4-4ABB-8689-79573197771B}.Release|x64.ActiveCfg = Release|x64
		{55B6FAFD-FCC4-4ABB-8689-79573197771B}.Release|x64.Build.0 = Release|x64
		{55B6FAFD-FCC4-4ABB-8689-79573197771B}.Release|x86.ActiveCfg = Release|Win32
		{55B6FAFD-FCC4-4ABB-8689-79573197771B}.Release|x86.Build.0 = Release|Win32
		{A336F5B2-F526-4BF2-BB5B-AD45BDAEEEAF}.Debug|x64.ActiveCfg = Debug|x64
		{A336F5B2-F526-4BF2-BB5B-AD45BDAEEEAF}.Debug|x64.Build.0 = Debug|x64
		{A336F5B2-F526-4BF2-BB5B-AD45BDAEEEAF}.Debug|x86.ActiveCfg = Debug|Win32
		{A336F5B2-F526-4BF2-BB5B-AD45BDAEEEAF}.Debug|x86.Build.0 = Debug|Win32
		{A336F5B2-F526-4BF2-BB5B-AD45BDAEEEAF}.Release|x64.ActiveCfg = Release|x64
		{A336F5B2-F526-4BF2-BB5B-AD45BDAEEEAF}.Release|x64.Build.0 = Release|x64
		{A336F5B2-F526-4BF2-BB5B-AD45BDAEEEAF}.Release|x86.ActiveCfg = Release|Win32
		{A336F5B2-F526-4BF2-BB5B-AD45BDAEEEAF}.Release|x86.Build.0 = Release|Win32
	EndGlobalSection
	GlobalSection(SolutionProperties) = preSolution
		HideSolutionNode = FALSE
	EndGlobalSection
	GlobalSection(ExtensibilityGlobals) = postSolution
		SolutionGuid = {225035CC-7956-4CE9-AF8C-8F05D28E96DF}
	EndGlobalSection
EndGlobal
